
Microsoft Visual Studio Solution File, Format Version 12.00
# Visual Studio Version 16
VisualStudioVersion = 16.0.31220.234
MinimumVisualStudioVersion = 10.0.40219.1
Project("{FAE04EC0-301F-11D3-BF4B-00C04F79EFBC}") = "MediaCenter", "MediaCenter\MediaCenter.csproj", "{32399E8D-003E-4952-99D0-2E1BB16E8B9D}"
EndProject
Global
	GlobalSection(SolutionConfigurationPlatforms) = preSolution
		Debug|Any CPU = Debug|Any CPU
		Release|Any CPU = Release|Any CPU
	EndGlobalSection
	GlobalSection(ProjectConfigurationPlatforms) = postSolution
		{32399E8D-003E-4952-99D0-2E1BB16E8B9D}.Debug|Any CPU.ActiveCfg = Debug|Any CPU
		{32399E8D-003E-4952-99D0-2E1BB16E8B9D}.Debug|Any CPU.Build.0 = Debug|Any CPU
		{32399E8D-003E-4952-99D0-2E1BB16E8B9D}.Release|Any CPU.ActiveCfg = Release|Any CPU
		{32399E8D-003E-4952-99D0-2E1BB16E8B9D}.Release|Any CPU.Build.0 = Release|Any CPU
	EndGlobalSection
	GlobalSection(SolutionProperties) = preSolution
		HideSolutionNode = FALSE
	EndGlobalSection
	GlobalSection(ExtensibilityGlobals) = postSolution
		SolutionGuid = {99F91A7C-9C6B-46DE-9FE5-23918B6B24BB}
	EndGlobalSection
EndGlobal
